// !$*UTF8*$!
{
	archiveVersion = 1;
	classes = {
	};
	objectVersion = 56;
	objects = {

/* Begin PBXBuildFile section */
		CD71ED442A82189400BB916A /* DeckUI in Frameworks */ = {isa = PBXBuildFile; productRef = CD71ED432A82189400BB916A /* DeckUI */; };
		CD778B2F2A818C82002F492D /* AppfroschDemoApp.swift in Sources */ = {isa = PBXBuildFile; fileRef = CD778B2E2A818C82002F492D /* AppfroschDemoApp.swift */; };
		CD778B332A818C86002F492D /* Assets.xcassets in Resources */ = {isa = PBXBuildFile; fileRef = CD778B322A818C86002F492D /* Assets.xcassets */; };
		CD778B372A818C86002F492D /* Preview Assets.xcassets in Resources */ = {isa = PBXBuildFile; fileRef = CD778B362A818C86002F492D /* Preview Assets.xcassets */; };
		CD8A7B7A2A82973B00FE3C2F /* PresenterScene.swift in Sources */ = {isa = PBXBuildFile; fileRef = CD8A7B792A82973B00FE3C2F /* PresenterScene.swift */; };
		CD8A7B822A8298AF00FE3C2F /* MainSceneContentView.swift in Sources */ = {isa = PBXBuildFile; fileRef = CD8A7B812A8298AF00FE3C2F /* MainSceneContentView.swift */; };
		CD8A7B842A82992600FE3C2F /* DeckStore.swift in Sources */ = {isa = PBXBuildFile; fileRef = CD8A7B832A82992600FE3C2F /* DeckStore.swift */; };
		CD8A7B872A8299FE00FE3C2F /* Deck+Extensions.swift in Sources */ = {isa = PBXBuildFile; fileRef = CD8A7B862A8299FE00FE3C2F /* Deck+Extensions.swift */; };
/* End PBXBuildFile section */

/* Begin PBXFileReference section */
		CD71ED422A82185100BB916A /* DeckUI */ = {isa = PBXFileReference; lastKnownFileType = wrapper; name = DeckUI; path = ../..; sourceTree = "<group>"; };
		CD778B2B2A818C82002F492D /* AppfroschDemo.app */ = {isa = PBXFileReference; explicitFileType = wrapper.application; includeInIndex = 0; path = AppfroschDemo.app; sourceTree = BUILT_PRODUCTS_DIR; };
		CD778B2E2A818C82002F492D /* AppfroschDemoApp.swift */ = {isa = PBXFileReference; lastKnownFileType = sourcecode.swift; path = AppfroschDemoApp.swift; sourceTree = "<group>"; };
		CD778B322A818C86002F492D /* Assets.xcassets */ = {isa = PBXFileReference; lastKnownFileType = folder.assetcatalog; path = Assets.xcassets; sourceTree = "<group>"; };
		CD778B342A818C86002F492D /* AppfroschDemo.entitlements */ = {isa = PBXFileReference; lastKnownFileType = text.plist.entitlements; path = AppfroschDemo.entitlements; sourceTree = "<group>"; };
		CD778B362A818C86002F492D /* Preview Assets.xcassets */ = {isa = PBXFileReference; lastKnownFileType = folder.assetcatalog; path = "Preview Assets.xcassets"; sourceTree = "<group>"; };
		CD8A7B792A82973B00FE3C2F /* PresenterScene.swift */ = {isa = PBXFileReference; fileEncoding = 4; lastKnownFileType = sourcecode.swift; path = PresenterScene.swift; sourceTree = "<group>"; };
		CD8A7B812A8298AF00FE3C2F /* MainSceneContentView.swift */ = {isa = PBXFileReference; fileEncoding = 4; lastKnownFileType = sourcecode.swift; path = MainSceneContentView.swift; sourceTree = "<group>"; };
		CD8A7B832A82992600FE3C2F /* DeckStore.swift */ = {isa = PBXFileReference; fileEncoding = 4; lastKnownFileType = sourcecode.swift; path = DeckStore.swift; sourceTree = "<group>"; };
		CD8A7B862A8299FE00FE3C2F /* Deck+Extensions.swift */ = {isa = PBXFileReference; fileEncoding = 4; lastKnownFileType = sourcecode.swift; path = "Deck+Extensions.swift"; sourceTree = "<group>"; };
/* End PBXFileReference section */

/* Begin PBXFrameworksBuildPhase section */
		CD778B282A818C82002F492D /* Frameworks */ = {
			isa = PBXFrameworksBuildPhase;
			buildActionMask = 2147483647;
			files = (
				CD71ED442A82189400BB916A /* DeckUI in Frameworks */,
			);
			runOnlyForDeploymentPostprocessing = 0;
		};
/* End PBXFrameworksBuildPhase section */

/* Begin PBXGroup section */
		CD71ED412A82185100BB916A /* Frameworks */ = {
			isa = PBXGroup;
			children = (
				CD71ED422A82185100BB916A /* DeckUI */,
			);
			name = Frameworks;
			sourceTree = "<group>";
		};
		CD778B222A818C82002F492D = {
			isa = PBXGroup;
			children = (
				CD778B2D2A818C82002F492D /* AppfroschDemo */,
				CD778B2C2A818C82002F492D /* Products */,
				CD71ED412A82185100BB916A /* Frameworks */,
			);
			sourceTree = "<group>";
		};
		CD778B2C2A818C82002F492D /* Products */ = {
			isa = PBXGroup;
			children = (
				CD778B2B2A818C82002F492D /* AppfroschDemo.app */,
			);
			name = Products;
			sourceTree = "<group>";
		};
		CD778B2D2A818C82002F492D /* AppfroschDemo */ = {
			isa = PBXGroup;
			children = (
				CD778B2E2A818C82002F492D /* AppfroschDemoApp.swift */,
				CD8B484C2A82965F00F1BEAC /* scenes */,
				CD8A7B7E2A82980A00FE3C2F /* stores */,
				CD8A7B852A8299E100FE3C2F /* extensions */,
				CD778B322A818C86002F492D /* Assets.xcassets */,
				CD778B342A818C86002F492D /* AppfroschDemo.entitlements */,
				CD778B352A818C86002F492D /* Preview Content */,
			);
			path = AppfroschDemo;
			sourceTree = "<group>";
		};
		CD778B352A818C86002F492D /* Preview Content */ = {
			isa = PBXGroup;
			children = (
				CD778B362A818C86002F492D /* Preview Assets.xcassets */,
			);
			path = "Preview Content";
			sourceTree = "<group>";
		};
		CD8A7B7B2A82979000FE3C2F /* presenterScene */ = {
			isa = PBXGroup;
			children = (
				CD8A7B792A82973B00FE3C2F /* PresenterScene.swift */,
			);
			path = presenterScene;
			sourceTree = "<group>";
		};
		CD8A7B7C2A8297A600FE3C2F /* mainScene */ = {
			isa = PBXGroup;
			children = (
				CD8A7B7D2A8297B600FE3C2F /* view */,
			);
			path = mainScene;
			sourceTree = "<group>";
		};
		CD8A7B7D2A8297B600FE3C2F /* view */ = {
			isa = PBXGroup;
			children = (
				CD8A7B812A8298AF00FE3C2F /* MainSceneContentView.swift */,
			);
			path = view;
			sourceTree = "<group>";
		};
		CD8A7B7E2A82980A00FE3C2F /* stores */ = {
			isa = PBXGroup;
			children = (
				CD8A7B832A82992600FE3C2F /* DeckStore.swift */,
			);
			path = stores;
			sourceTree = "<group>";
		};
		CD8A7B852A8299E100FE3C2F /* extensions */ = {
			isa = PBXGroup;
			children = (
				CD8A7B862A8299FE00FE3C2F /* Deck+Extensions.swift */,
			);
			path = extensions;
			sourceTree = "<group>";
		};
		CD8B484C2A82965F00F1BEAC /* scenes */ = {
			isa = PBXGroup;
			children = (
				CD8A7B7C2A8297A600FE3C2F /* mainScene */,
				CD8A7B7B2A82979000FE3C2F /* presenterScene */,
			);
			path = scenes;
			sourceTree = "<group>";
		};
/* End PBXGroup section */

/* Begin PBXNativeTarget section */
		CD778B2A2A818C82002F492D /* AppfroschDemo */ = {
			isa = PBXNativeTarget;
			buildConfigurationList = CD778B3A2A818C86002F492D /* Build configuration list for PBXNativeTarget "AppfroschDemo" */;
			buildPhases = (
				CD778B272A818C82002F492D /* Sources */,
				CD778B282A818C82002F492D /* Frameworks */,
				CD778B292A818C82002F492D /* Resources */,
			);
			buildRules = (
			);
			dependencies = (
			);
			name = AppfroschDemo;
			packageProductDependencies = (
				CD71ED432A82189400BB916A /* DeckUI */,
			);
			productName = AppfroschDemo;
			productReference = CD778B2B2A818C82002F492D /* AppfroschDemo.app */;
			productType = "com.apple.product-type.application";
		};
/* End PBXNativeTarget section */

/* Begin PBXProject section */
		CD778B232A818C82002F492D /* Project object */ = {
			isa = PBXProject;
			attributes = {
				BuildIndependentTargetsInParallel = 1;
				LastSwiftUpdateCheck = 1500;
				LastUpgradeCheck = 1500;
				TargetAttributes = {
					CD778B2A2A818C82002F492D = {
						CreatedOnToolsVersion = 15.0;
					};
				};
			};
			buildConfigurationList = CD778B262A818C82002F492D /* Build configuration list for PBXProject "AppfroschDemo" */;
			compatibilityVersion = "Xcode 14.0";
			developmentRegion = en;
			hasScannedForEncodings = 0;
			knownRegions = (
				en,
				Base,
			);
			mainGroup = CD778B222A818C82002F492D;
			packageReferences = (
			);
			productRefGroup = CD778B2C2A818C82002F492D /* Products */;
			projectDirPath = "";
			projectRoot = "";
			targets = (
				CD778B2A2A818C82002F492D /* AppfroschDemo */,
			);
		};
/* End PBXProject section */

/* Begin PBXResourcesBuildPhase section */
		CD778B292A818C82002F492D /* Resources */ = {
			isa = PBXResourcesBuildPhase;
			buildActionMask = 2147483647;
			files = (
				CD778B372A818C86002F492D /* Preview Assets.xcassets in Resources */,
				CD778B332A818C86002F492D /* Assets.xcassets in Resources */,
			);
			runOnlyForDeploymentPostprocessing = 0;
		};
/* End PBXResourcesBuildPhase section */

/* Begin PBXSourcesBuildPhase section */
		CD778B272A818C82002F492D /* Sources */ = {
			isa = PBXSourcesBuildPhase;
			buildActionMask = 2147483647;
			files = (
				CD778B2F2A818C82002F492D /* AppfroschDemoApp.swift in Sources */,
				CD8A7B822A8298AF00FE3C2F /* MainSceneContentView.swift in Sources */,
				CD8A7B842A82992600FE3C2F /* DeckStore.swift in Sources */,
				CD8A7B7A2A82973B00FE3C2F /* PresenterScene.swift in Sources */,
				CD8A7B872A8299FE00FE3C2F /* Deck+Extensions.swift in Sources */,
			);
			runOnlyForDeploymentPostprocessing = 0;
		};
/* End PBXSourcesBuildPhase section */

/* Begin XCBuildConfiguration section */
		CD778B382A818C86002F492D /* Debug */ = {
			isa = XCBuildConfiguration;
			buildSettings = {
				ALWAYS_SEARCH_USER_PATHS = NO;
				ASSETCATALOG_COMPILER_GENERATE_SWIFT_ASSET_SYMBOL_EXTENSIONS = YES;
				CLANG_ANALYZER_NONNULL = YES;
				CLANG_ANALYZER_NUMBER_OBJECT_CONVERSION = YES_AGGRESSIVE;
				CLANG_CXX_LANGUAGE_STANDARD = "gnu++20";
				CLANG_ENABLE_MODULES = YES;
				CLANG_ENABLE_OBJC_ARC = YES;
				CLANG_ENABLE_OBJC_WEAK = YES;
				CLANG_WARN_BLOCK_CAPTURE_AUTORELEASING = YES;
				CLANG_WARN_BOOL_CONVERSION = YES;
				CLANG_WARN_COMMA = YES;
				CLANG_WARN_CONSTANT_CONVERSION = YES;
				CLANG_WARN_DEPRECATED_OBJC_IMPLEMENTATIONS = YES;
				CLANG_WARN_DIRECT_OBJC_ISA_USAGE = YES_ERROR;
				CLANG_WARN_DOCUMENTATION_COMMENTS = YES;
				CLANG_WARN_EMPTY_BODY = YES;
				CLANG_WARN_ENUM_CONVERSION = YES;
				CLANG_WARN_INFINITE_RECURSION = YES;
				CLANG_WARN_INT_CONVERSION = YES;
				CLANG_WARN_NON_LITERAL_NULL_CONVERSION = YES;
				CLANG_WARN_OBJC_IMPLICIT_RETAIN_SELF = YES;
				CLANG_WARN_OBJC_LITERAL_CONVERSION = YES;
				CLANG_WARN_OBJC_ROOT_CLASS = YES_ERROR;
				CLANG_WARN_QUOTED_INCLUDE_IN_FRAMEWORK_HEADER = YES;
				CLANG_WARN_RANGE_LOOP_ANALYSIS = YES;
				CLANG_WARN_STRICT_PROTOTYPES = YES;
				CLANG_WARN_SUSPICIOUS_MOVE = YES;
				CLANG_WARN_UNGUARDED_AVAILABILITY = YES_AGGRESSIVE;
				CLANG_WARN_UNREACHABLE_CODE = YES;
				CLANG_WARN__DUPLICATE_METHOD_MATCH = YES;
				COPY_PHASE_STRIP = NO;
				DEBUG_INFORMATION_FORMAT = dwarf;
				ENABLE_STRICT_OBJC_MSGSEND = YES;
				ENABLE_TESTABILITY = YES;
				ENABLE_USER_SCRIPT_SANDBOXING = YES;
				GCC_C_LANGUAGE_STANDARD = gnu17;
				GCC_DYNAMIC_NO_PIC = NO;
				GCC_NO_COMMON_BLOCKS = YES;
				GCC_OPTIMIZATION_LEVEL = 0;
				GCC_PREPROCESSOR_DEFINITIONS = (
					"DEBUG=1",
					"$(inherited)",
				);
				GCC_WARN_64_TO_32_BIT_CONVERSION = YES;
				GCC_WARN_ABOUT_RETURN_TYPE = YES_ERROR;
				GCC_WARN_UNDECLARED_SELECTOR = YES;
				GCC_WARN_UNINITIALIZED_AUTOS = YES_AGGRESSIVE;
				GCC_WARN_UNUSED_FUNCTION = YES;
				GCC_WARN_UNUSED_VARIABLE = YES;
				LOCALIZATION_PREFERS_STRING_CATALOGS = YES;
				MTL_ENABLE_DEBUG_INFO = INCLUDE_SOURCE;
				MTL_FAST_MATH = YES;
				ONLY_ACTIVE_ARCH = YES;
				SWIFT_ACTIVE_COMPILATION_CONDITIONS = "DEBUG $(inherited)";
				SWIFT_OPTIMIZATION_LEVEL = "-Onone";
			};
			name = Debug;
		};
		CD778B392A818C86002F492D /* Release */ = {
			isa = XCBuildConfiguration;
			buildSettings = {
				ALWAYS_SEARCH_USER_PATHS = NO;
				ASSETCATALOG_COMPILER_GENERATE_SWIFT_ASSET_SYMBOL_EXTENSIONS = YES;
				CLANG_ANALYZER_NONNULL = YES;
				CLANG_ANALYZER_NUMBER_OBJECT_CONVERSION = YES_AGGRESSIVE;
				CLANG_CXX_LANGUAGE_STANDARD = "gnu++20";
				CLANG_ENABLE_MODULES = YES;
				CLANG_ENABLE_OBJC_ARC = YES;
				CLANG_ENABLE_OBJC_WEAK = YES;
				CLANG_WARN_BLOCK_CAPTURE_AUTORELEASING = YES;
				CLANG_WARN_BOOL_CONVERSION = YES;
				CLANG_WARN_COMMA = YES;
				CLANG_WARN_CONSTANT_CONVERSION = YES;
				CLANG_WARN_DEPRECATED_OBJC_IMPLEMENTATIONS = YES;
				CLANG_WARN_DIRECT_OBJC_ISA_USAGE = YES_ERROR;
				CLANG_WARN_DOCUMENTATION_COMMENTS = YES;
				CLANG_WARN_EMPTY_BODY = YES;
				CLANG_WARN_ENUM_CONVERSION = YES;
				CLANG_WARN_INFINITE_RECURSION = YES;
				CLANG_WARN_INT_CONVERSION = YES;
				CLANG_WARN_NON_LITERAL_NULL_CONVERSION = YES;
				CLANG_WARN_OBJC_IMPLICIT_RETAIN_SELF = YES;
				CLANG_WARN_OBJC_LITERAL_CONVERSION = YES;
				CLANG_WARN_OBJC_ROOT_CLASS = YES_ERROR;
				CLANG_WARN_QUOTED_INCLUDE_IN_FRAMEWORK_HEADER = YES;
				CLANG_WARN_RANGE_LOOP_ANALYSIS = YES;
				CLANG_WARN_STRICT_PROTOTYPES = YES;
				CLANG_WARN_SUSPICIOUS_MOVE = YES;
				CLANG_WARN_UNGUARDED_AVAILABILITY = YES_AGGRESSIVE;
				CLANG_WARN_UNREACHABLE_CODE = YES;
				CLANG_WARN__DUPLICATE_METHOD_MATCH = YES;
				COPY_PHASE_STRIP = NO;
				DEBUG_INFORMATION_FORMAT = "dwarf-with-dsym";
				ENABLE_NS_ASSERTIONS = NO;
				ENABLE_STRICT_OBJC_MSGSEND = YES;
				ENABLE_USER_SCRIPT_SANDBOXING = YES;
				GCC_C_LANGUAGE_STANDARD = gnu17;
				GCC_NO_COMMON_BLOCKS = YES;
				GCC_WARN_64_TO_32_BIT_CONVERSION = YES;
				GCC_WARN_ABOUT_RETURN_TYPE = YES_ERROR;
				GCC_WARN_UNDECLARED_SELECTOR = YES;
				GCC_WARN_UNINITIALIZED_AUTOS = YES_AGGRESSIVE;
				GCC_WARN_UNUSED_FUNCTION = YES;
				GCC_WARN_UNUSED_VARIABLE = YES;
				LOCALIZATION_PREFERS_STRING_CATALOGS = YES;
				MTL_ENABLE_DEBUG_INFO = NO;
				MTL_FAST_MATH = YES;
				SWIFT_COMPILATION_MODE = wholemodule;
			};
			name = Release;
		};
		CD778B3B2A818C86002F492D /* Debug */ = {
			isa = XCBuildConfiguration;
			buildSettings = {
				ASSETCATALOG_COMPILER_APPICON_NAME = AppIcon;
				ASSETCATALOG_COMPILER_GLOBAL_ACCENT_COLOR_NAME = AccentColor;
				CODE_SIGN_ENTITLEMENTS = AppfroschDemo/AppfroschDemo.entitlements;
				CODE_SIGN_STYLE = Automatic;
				CURRENT_PROJECT_VERSION = 1;
				DEVELOPMENT_ASSET_PATHS = "\"AppfroschDemo/Preview Content\"";
				DEVELOPMENT_TEAM = T4E7YEW565;
				ENABLE_HARDENED_RUNTIME = YES;
				ENABLE_PREVIEWS = YES;
				GENERATE_INFOPLIST_FILE = YES;
				"INFOPLIST_KEY_UIApplicationSceneManifest_Generation[sdk=iphoneos*]" = YES;
				"INFOPLIST_KEY_UIApplicationSceneManifest_Generation[sdk=iphonesimulator*]" = YES;
				"INFOPLIST_KEY_UIApplicationSupportsIndirectInputEvents[sdk=iphoneos*]" = YES;
				"INFOPLIST_KEY_UIApplicationSupportsIndirectInputEvents[sdk=iphonesimulator*]" = YES;
				"INFOPLIST_KEY_UILaunchScreen_Generation[sdk=iphoneos*]" = YES;
				"INFOPLIST_KEY_UILaunchScreen_Generation[sdk=iphonesimulator*]" = YES;
				"INFOPLIST_KEY_UIStatusBarStyle[sdk=iphoneos*]" = UIStatusBarStyleDefault;
				"INFOPLIST_KEY_UIStatusBarStyle[sdk=iphonesimulator*]" = UIStatusBarStyleDefault;
				INFOPLIST_KEY_UISupportedInterfaceOrientations_iPad = "UIInterfaceOrientationPortrait UIInterfaceOrientationPortraitUpsideDown UIInterfaceOrientationLandscapeLeft UIInterfaceOrientationLandscapeRight";
				INFOPLIST_KEY_UISupportedInterfaceOrientations_iPhone = "UIInterfaceOrientationPortrait UIInterfaceOrientationLandscapeLeft UIInterfaceOrientationLandscapeRight";
				IPHONEOS_DEPLOYMENT_TARGET = 17.0;
				LD_RUNPATH_SEARCH_PATHS = "@executable_path/Frameworks";
				"LD_RUNPATH_SEARCH_PATHS[sdk=macosx*]" = "@executable_path/../Frameworks";
				MACOSX_DEPLOYMENT_TARGET = 14.0;
				MARKETING_VERSION = 1.0;
				PRODUCT_BUNDLE_IDENTIFIER = ch.appfros.AppfroschDemo;
				PRODUCT_NAME = "$(TARGET_NAME)";
				SDKROOT = auto;
				SUPPORTED_PLATFORMS = "iphoneos iphonesimulator macosx";
				SWIFT_EMIT_LOC_STRINGS = YES;
				SWIFT_VERSION = 5.0;
				TARGETED_DEVICE_FAMILY = "1,2";
			};
			name = Debug;
		};
		CD778B3C2A818C86002F492D /* Release */ = {
			isa = XCBuildConfiguration;
			buildSettings = {
				ASSETCATALOG_COMPILER_APPICON_NAME = AppIcon;
				ASSETCATALOG_COMPILER_GLOBAL_ACCENT_COLOR_NAME = AccentColor;
				CODE_SIGN_ENTITLEMENTS = AppfroschDemo/AppfroschDemo.entitlements;
				CODE_SIGN_STYLE = Automatic;
				CURRENT_PROJECT_VERSION = 1;
				DEVELOPMENT_ASSET_PATHS = "\"AppfroschDemo/Preview Content\"";
				DEVELOPMENT_TEAM = T4E7YEW565;
				ENABLE_HARDENED_RUNTIME = YES;
				ENABLE_PREVIEWS = YES;
				GENERATE_INFOPLIST_FILE = YES;
				"INFOPLIST_KEY_UIApplicationSceneManifest_Generation[sdk=iphoneos*]" = YES;
				"INFOPLIST_KEY_UIApplicationSceneManifest_Generation[sdk=iphonesimulator*]" = YES;
				"INFOPLIST_KEY_UIApplicationSupportsIndirectInputEvents[sdk=iphoneos*]" = YES;
				"INFOPLIST_KEY_UIApplicationSupportsIndirectInputEvents[sdk=iphonesimulator*]" = YES;
				"INFOPLIST_KEY_UILaunchScreen_Generation[sdk=iphoneos*]" = YES;
				"INFOPLIST_KEY_UILaunchScreen_Generation[sdk=iphonesimulator*]" = YES;
				"INFOPLIST_KEY_UIStatusBarStyle[sdk=iphoneos*]" = UIStatusBarStyleDefault;
				"INFOPLIST_KEY_UIStatusBarStyle[sdk=iphonesimulator*]" = UIStatusBarStyleDefault;
				INFOPLIST_KEY_UISupportedInterfaceOrientations_iPad = "UIInterfaceOrientationPortrait UIInterfaceOrientationPortraitUpsideDown UIInterfaceOrientationLandscapeLeft UIInterfaceOrientationLandscapeRight";
				INFOPLIST_KEY_UISupportedInterfaceOrientations_iPhone = "UIInterfaceOrientationPortrait UIInterfaceOrientationLandscapeLeft UIInterfaceOrientationLandscapeRight";
				IPHONEOS_DEPLOYMENT_TARGET = 17.0;
				LD_RUNPATH_SEARCH_PATHS = "@executable_path/Frameworks";
				"LD_RUNPATH_SEARCH_PATHS[sdk=macosx*]" = "@executable_path/../Frameworks";
				MACOSX_DEPLOYMENT_TARGET = 14.0;
				MARKETING_VERSION = 1.0;
				PRODUCT_BUNDLE_IDENTIFIER = ch.appfros.AppfroschDemo;
				PRODUCT_NAME = "$(TARGET_NAME)";
				SDKROOT = auto;
				SUPPORTED_PLATFORMS = "iphoneos iphonesimulator macosx";
				SWIFT_EMIT_LOC_STRINGS = YES;
				SWIFT_VERSION = 5.0;
				TARGETED_DEVICE_FAMILY = "1,2";
			};
			name = Release;
		};
/* End XCBuildConfiguration section */

/* Begin XCConfigurationList section */
		CD778B262A818C82002F492D /* Build configuration list for PBXProject "AppfroschDemo" */ = {
			isa = XCConfigurationList;
			buildConfigurations = (
				CD778B382A818C86002F492D /* Debug */,
				CD778B392A818C86002F492D /* Release */,
			);
			defaultConfigurationIsVisible = 0;
			defaultConfigurationName = Release;
		};
		CD778B3A2A818C86002F492D /* Build configuration list for PBXNativeTarget "AppfroschDemo" */ = {
			isa = XCConfigurationList;
			buildConfigurations = (
				CD778B3B2A818C86002F492D /* Debug */,
				CD778B3C2A818C86002F492D /* Release */,
			);
			defaultConfigurationIsVisible = 0;
			defaultConfigurationName = Release;
		};
/* End XCConfigurationList section */

/* Begin XCSwiftPackageProductDependency section */
		CD71ED432A82189400BB916A /* DeckUI */ = {
			isa = XCSwiftPackageProductDependency;
			productName = DeckUI;
		};
/* End XCSwiftPackageProductDependency section */
	};
	rootObject = CD778B232A818C82002F492D /* Project object */;
}
